<?xml version="1.0" encoding="utf-8"?>
<Project ToolsVersion="4.0" xmlns="http://schemas.microsoft.com/developer/msbuild/2003">
  <ItemGroup>
    <Filter Include="Source Files">
      <UniqueIdentifier>{4FC737F1-C7A5-4376-A066-2A32D752A2FF}</UniqueIdentifier>
      <Extensions>cpp;c;cc;cxx;c++;cppm;ixx;def;odl;idl;hpj;bat;asm;asmx</Extensions>
    </Filter>
    <Filter Include="Header Files">
      <UniqueIdentifier>{93995380-89BD-4b04-88EB-625FBE52EBFB}</UniqueIdentifier>
      <Extensions>h;hh;hpp;hxx;h++;hm;inl;inc;ipp;xsd</Extensions>
    </Filter>
    <Filter Include="Resource Files">
      <UniqueIdentifier>{67DA6AB6-F800-4c08-8B7A-83BB121AAD01}</UniqueIdentifier>
      <Extensions>rc;ico;cur;bmp;dlg;rc2;rct;bin;rgs;gif;jpg;jpeg;jpe;resx;tiff;tif;png;wav;mfcribbon-ms</Extensions>
    </Filter>
    <Filter Include="Source Files\Base Systems">
      <UniqueIdentifier>{5a67bb34-6e96-4a54-9189-3e502b6dcd87}</UniqueIdentifier>
    </Filter>
    <Filter Include="Header Files\Base Systems">
      <UniqueIdentifier>{8f518ef3-6ee1-4b62-a81e-cd0de1d04395}</UniqueIdentifier>
    </Filter>
    <Filter Include="Source Files\Combat Systems">
      <UniqueIdentifier>{8f86c7e7-5f45-4f1f-811f-9e9dd59d591d}</UniqueIdentifier>
    </Filter>
    <Filter Include="Header Files\Combat Systems">
      <UniqueIdentifier>{7fd1a004-5019-4a9e-b54a-10d36b53c90d}</UniqueIdentifier>
    </Filter>
    <Filter Include="Header Files\Global Inherit Files">
      <UniqueIdentifier>{86a8c647-cf36-4fe5-baf1-42191ff1a2cc}</UniqueIdentifier>
    </Filter>
    <Filter Include="Header Files\Map Systems">
      <UniqueIdentifier>{debc7b26-6cff-45d2-ac97-96384b611699}</UniqueIdentifier>
    </Filter>
    <Filter Include="Source Files\Map Systems">
      <UniqueIdentifier>{98f6d40e-880d-4114-937b-1af9f8caa82e}</UniqueIdentifier>
	</Filter>
    <Filter Include="Source Files\Base Systems\Scene Handler">
      <UniqueIdentifier>{45eeaac4-8227-4d88-a66a-8b395fdd22ee}</UniqueIdentifier>
    </Filter>
    <Filter Include="Header Files\Base Systems\Scene Handler">
      <UniqueIdentifier>{3fe8b227-74cc-4811-b39a-71a6177191e0}</UniqueIdentifier>
    </Filter>
    <Filter Include="Source Files\Scenes">
      <UniqueIdentifier>{2b3348a6-92dd-4083-b098-1e7992949a44}</UniqueIdentifier>
    </Filter>
    <Filter Include="Header Files\Scenes">
      <UniqueIdentifier>{1bcbcca0-4c69-4663-87a0-ab358f43f290}</UniqueIdentifier>
    </Filter>
    <Filter Include="Header Files\ENGINE">
      <UniqueIdentifier>{65ebf617-fb8e-4f4e-a3e8-edd808182534}</UniqueIdentifier>
    </Filter>
    <Filter Include="Source Files\ENGINE">
      <UniqueIdentifier>{45113a31-0a35-4f45-9ef8-3902c36f7fbe}</UniqueIdentifier>
    </Filter>
  </ItemGroup>
  <ItemGroup>
    <ClCompile Include="..\Code\Combat\Character\Character.cpp">
      <Filter>Source Files\Combat Systems</Filter>
    </ClCompile>
    <ClCompile Include="..\Code\Scenes\SceneHandler\GameStateManager.cpp">
      <Filter>Source Files\Base Systems\Scene Handler</Filter>
    </ClCompile>
    <ClCompile Include="..\Code\Scenes\SceneHandler\GameManager.cpp">
      <Filter>Source Files\Base Systems\Scene Handler</Filter>
    </ClCompile>
    <ClCompile Include="..\Code\Scenes\SceneHandler\GameState.cpp">
      <Filter>Source Files\Base Systems\Scene Handler</Filter>
    </ClCompile>
    <ClCompile Include="..\Code\Scenes\MainMenu.cpp">
      <Filter>Source Files\Scenes</Filter>
    </ClCompile>
    <ClCompile Include="..\Code\Scenes\SplashScreen.cpp">
      <Filter>Source Files\Scenes</Filter>
    </ClCompile>
    <ClCompile Include="..\Code\BaseSystems\EaseFunctions\Math.cpp">
      <Filter>Source Files\Base Systems\Scene Handler</Filter>
    </ClCompile>
    <ClCompile Include="..\Code\BaseSystems\Main(First-Run-File)\Main.cpp">
      <Filter>Source Files</Filter>
    </ClCompile>
    <ClCompile Include="..\Code\BaseSystems\Mesh\Mesh.cpp">
      <Filter>Source Files\Base Systems</Filter>
    </ClCompile>
    <ClCompile Include="..\Code\BaseSystems\EaseFunctions\Sprite.cpp">
      <Filter>Source Files\Base Systems</Filter>
    </ClCompile>
    <ClCompile Include="..\Code\BaseSystems\Engine\Transform2D.cpp">
      <Filter>Source Files\ENGINE</Filter>
    </ClCompile>
    <ClCompile Include="..\Code\BaseSystems\Engine\PhysicSystem.cpp">
      <Filter>Source Files\ENGINE</Filter>
    </ClCompile>
    <ClCompile Include="..\Code\BaseSystems\Engine\OOP.cpp">
      <Filter>Source Files\ENGINE</Filter>
    </ClCompile>
    <ClCompile Include="..\Code\BaseSystems\Engine\EntityManager.cpp">
      <Filter>Source Files\ENGINE</Filter>
    </ClCompile>
    <ClCompile Include="..\Code\BaseSystems\Engine\Entity.cpp">
      <Filter>Source Files\ENGINE</Filter>
    </ClCompile>
    <ClCompile Include="..\Code\BaseSystems\Engine\ECS.cpp">
      <Filter>Source Files\ENGINE</Filter>
    </ClCompile>
    <ClCompile Include="..\Code\BaseSystems\Engine\BoxCollider2D.cpp">
      <Filter>Source Files\ENGINE</Filter>
    </ClCompile>
    <ClCompile Include="..\Code\BaseSystems\EaseFunctions\AEVEC2OOVERLOAD.cpp">
      <Filter>Source Files\Base Systems</Filter>
    </ClCompile>
    <ClCompile Include="..\Code\BaseSystems\Engine\MeshNew.cpp">
      <Filter>Source Files\ENGINE</Filter>
    </ClCompile>
    <ClCompile Include="..\Code\BaseSystems\Engine\MeshGen.cpp">
      <Filter>Source Files\ENGINE</Filter>
    </ClCompile>
    <ClCompile Include="..\Code\Map\Map.cpp">
      <Filter>Source Files\Map Systems</Filter>
    </ClCompile>
  </ItemGroup>
  <ItemGroup>
    <ClInclude Include="..\Code\Combat\Character\Character.hpp">
      <Filter>Header Files\Combat Systems</Filter>
    </ClInclude>
    <ClInclude Include="..\Code\BaseSystems_WZBJ_Pak.hpp">
      <Filter>Header Files\Global Inherit Files</Filter>
    </ClInclude>
    <ClInclude Include="..\Code\BaseSystems\Mesh\MeshClass.hpp">
      <Filter>Header Files\Base Systems</Filter>
    </ClInclude>
    <ClInclude Include="..\Code\BaseSystems\Mesh\ColorClass.hpp">
      <Filter>Header Files\Base Systems</Filter>
    </ClInclude>
    <ClInclude Include="..\Code\BaseSystems\Mesh\Mesh.hpp">
      <Filter>Header Files\Base Systems</Filter>
    </ClInclude>
    <ClInclude Include="..\Code\CharacterData_WZBJ_Pak.hpp">
      <Filter>Header Files\Global Inherit Files</Filter>
    </ClInclude>
    <ClInclude Include="..\Code\Map\MapClass.hpp">
      <Filter>Header Files\Map Systems</Filter>
    </ClInclude>
    <ClInclude Include="..\Code\Map\MapNodeClass.hpp">
      <Filter>Header Files\Map Systems</Filter>
    </ClInclude>
    <ClInclude Include="..\Code\Map\MapTypeClass.hpp">
      <Filter>Header Files\Map Systems</Filter>
    </ClInclude>
    <ClInclude Include="..\Code\Map\Map.hpp">
      <Filter>Header Files\Map Systems</Filter>
    </ClInclude>
    <ClInclude Include="..\Code\Maps_WZBJ_Pak.hpp">
      <Filter>Header Files\Global Inherit Files</Filter>
    </ClInclude>
    <ClInclude Include="..\Code\BaseSystems\EaseFunctions\Math.hpp">
      <Filter>Header Files\Base Systems</Filter>
    </ClInclude>
    <ClInclude Include="..\Code\BaseSystems\EaseFunctions\Sprite.hpp">
      <Filter>Header Files\Base Systems</Filter>
    </ClInclude>
    <ClInclude Include="..\Code\BaseSystems\Prefabs\SingletonPattern.hpp">
      <Filter>Header Files\Base Systems</Filter>
    </ClInclude>
    <ClInclude Include="..\Code\Scenes\SceneHandler\GameManager.hpp">
      <Filter>Header Files\Base Systems\Scene Handler</Filter>
    </ClInclude>
    <ClInclude Include="..\Code\Scenes\SceneHandler\GameState.hpp">
      <Filter>Header Files\Base Systems\Scene Handler</Filter>
    </ClInclude>
    <ClInclude Include="..\Code\Scenes\SceneHandler\GameStateManager.hpp">
      <Filter>Header Files\Base Systems\Scene Handler</Filter>
    </ClInclude>
    <ClInclude Include="..\Code\Scenes\MainMenu.hpp">
      <Filter>Header Files\Scenes</Filter>
    </ClInclude>
    <ClInclude Include="..\Code\Scenes\SplashScreen.hpp">
      <Filter>Header Files\Scenes</Filter>
    </ClInclude>
    <ClInclude Include="..\Code\SceneHandler_WZBJ_Pak.hpp">
      <Filter>Header Files\Global Inherit Files</Filter>
    </ClInclude>
    <ClInclude Include="..\Code\BaseSystems\Engine\BoxCollider2D.hpp">
      <Filter>Header Files\ENGINE</Filter>
    </ClInclude>
    <ClInclude Include="..\Code\BaseSystems\Engine\Colors.hpp">
      <Filter>Header Files\ENGINE</Filter>
    </ClInclude>
    <ClInclude Include="..\Code\BaseSystems\Engine\ECS.hpp">
      <Filter>Header Files\ENGINE</Filter>
    </ClInclude>
    <ClInclude Include="..\Code\BaseSystems\Engine\Entity.hpp">
      <Filter>Header Files\ENGINE</Filter>
    </ClInclude>
    <ClInclude Include="..\Code\BaseSystems\Engine\EntityManager.hpp">
      <Filter>Header Files\ENGINE</Filter>
    </ClInclude>
    <ClInclude Include="..\Code\BaseSystems\Engine\OOP.hpp">
      <Filter>Header Files\ENGINE</Filter>
    </ClInclude>
    <ClInclude Include="..\Code\BaseSystems\Engine\PhysicSystem.hpp">
      <Filter>Header Files\ENGINE</Filter>
    </ClInclude>
    <ClInclude Include="..\Code\BaseSystems\Engine\Transform2D.hpp">
      <Filter>Header Files\ENGINE</Filter>
    </ClInclude>
    <ClInclude Include="..\Code\BaseSystems\EaseFunctions\AEVEC2OVERLOAD.hpp">
      <Filter>Header Files\Base Systems</Filter>
    </ClInclude>
    <ClInclude Include="..\Code\BaseSystems\Engine\MeshGen.hpp">
      <Filter>Header Files\ENGINE</Filter>
    </ClInclude>
    <ClInclude Include="..\Code\BaseSystems\Engine\MeshNew.hpp">
      <Filter>Header Files\ENGINE</Filter>
    </ClInclude>
    <ClInclude Include="..\Code\BaseSystems\Engine\SpriteSheet.hpp">
      <Filter>Header Files\ENGINE</Filter>
    </ClInclude>
  </ItemGroup>
</Project>